# This file is automatically @generated by Cargo.
# It is not intended for manual editing.
version = 3

[[package]]
name = "benches"
version = "0.0.0"
dependencies = [
 "criterion",
 "dfir_rs",
 "differential-dataflow-master",
 "futures",
 "nameof",
 "rand",
 "rand_distr",
 "seq-macro",
 "sinktools",
 "static_assertions",
 "timely-master",
 "tokio",
]
